
Microsoft Visual Studio Solution File, Format Version 12.00
# Visual Studio Version 17
VisualStudioVersion = 17.1.32228.430
MinimumVisualStudioVersion = 10.0.40219.1
Project("{9A19103F-16F7-4668-BE54-9A1E7A4F7556}") = "ToyRobot.Console", "ToyRobot.Console\ToyRobot.Console.csproj", "{F50B9028-D1EF-49FB-AFF7-7E817DD77ED9}"
EndProject
Project("{9A19103F-16F7-4668-BE54-9A1E7A4F7556}") = "ToyRobot.API", "ToyRobot.API\ToyRobot.API.csproj", "{E8FB80DC-7ADB-4105-AB60-8AF795AEB796}"
EndProject
Project("{9A19103F-16F7-4668-BE54-9A1E7A4F7556}") = "ToyRobot.SqlServerModel", "ToyRobot.SqlServerModel\ToyRobot.SqlServerModel.csproj", "{FA83BE36-D149-4875-A734-ABED39ED1ED0}"
EndProject
Project("{00D1A9C2-B5F0-4AF3-8072-F6C62B433612}") = "ToyRobot.SqlServerDB", "ToyRobot.SqlServerDB\ToyRobot.SqlServerDB.sqlproj", "{B3442896-19DB-4DC6-BA7E-DF80242CD0FA}"
EndProject
Project("{9A19103F-16F7-4668-BE54-9A1E7A4F7556}") = "ToyRobot.Common", "ToyRobot.Common\ToyRobot.Common.csproj", "{A3341ADE-C3F0-4BF0-B8C0-20C97C1DC54D}"
EndProject
Project("{9A19103F-16F7-4668-BE54-9A1E7A4F7556}") = "ToyRobot.Core", "ToyRobot.Core\ToyRobot.Core.csproj", "{F67432C0-EF9A-4DF5-BEB6-7588CED1D036}"
EndProject
Project("{9A19103F-16F7-4668-BE54-9A1E7A4F7556}") = "ToyRobot.CommonTests", "ToyRobot.CommonTests\ToyRobot.CommonTests.csproj", "{84790625-3EEA-412A-AC87-187DE7992802}"
EndProject
Project("{9A19103F-16F7-4668-BE54-9A1E7A4F7556}") = "ToyRobot.CoreTests", "ToyRobot.CoreTests\ToyRobot.CoreTests.csproj", "{E4FB92FE-9018-4107-AD85-6CA502E7B7F0}"
EndProject
Project("{FAE04EC0-301F-11D3-BF4B-00C04F79EFBC}") = "ToyRobot.MockHelper", "ToyRobot.MockHelper\ToyRobot.MockHelper.csproj", "{9D343E70-7F7B-4815-AC11-D66A856EC43C}"
EndProject
Global
	GlobalSection(SolutionConfigurationPlatforms) = preSolution
		Debug|Any CPU = Debug|Any CPU
		Release|Any CPU = Release|Any CPU
	EndGlobalSection
	GlobalSection(ProjectConfigurationPlatforms) = postSolution
		{F50B9028-D1EF-49FB-AFF7-7E817DD77ED9}.Debug|Any CPU.ActiveCfg = Debug|Any CPU
		{F50B9028-D1EF-49FB-AFF7-7E817DD77ED9}.Debug|Any CPU.Build.0 = Debug|Any CPU
		{F50B9028-D1EF-49FB-AFF7-7E817DD77ED9}.Release|Any CPU.ActiveCfg = Release|Any CPU
		{F50B9028-D1EF-49FB-AFF7-7E817DD77ED9}.Release|Any CPU.Build.0 = Release|Any CPU
		{E8FB80DC-7ADB-4105-AB60-8AF795AEB796}.Debug|Any CPU.ActiveCfg = Debug|Any CPU
		{E8FB80DC-7ADB-4105-AB60-8AF795AEB796}.Debug|Any CPU.Build.0 = Debug|Any CPU
		{E8FB80DC-7ADB-4105-AB60-8AF795AEB796}.Release|Any CPU.ActiveCfg = Release|Any CPU
		{E8FB80DC-7ADB-4105-AB60-8AF795AEB796}.Release|Any CPU.Build.0 = Release|Any CPU
		{FA83BE36-D149-4875-A734-ABED39ED1ED0}.Debug|Any CPU.ActiveCfg = Debug|Any CPU
		{FA83BE36-D149-4875-A734-ABED39ED1ED0}.Debug|Any CPU.Build.0 = Debug|Any CPU
		{FA83BE36-D149-4875-A734-ABED39ED1ED0}.Release|Any CPU.ActiveCfg = Release|Any CPU
		{FA83BE36-D149-4875-A734-ABED39ED1ED0}.Release|Any CPU.Build.0 = Release|Any CPU
		{B3442896-19DB-4DC6-BA7E-DF80242CD0FA}.Debug|Any CPU.ActiveCfg = Debug|Any CPU
		{B3442896-19DB-4DC6-BA7E-DF80242CD0FA}.Debug|Any CPU.Build.0 = Debug|Any CPU
		{B3442896-19DB-4DC6-BA7E-DF80242CD0FA}.Debug|Any CPU.Deploy.0 = Debug|Any CPU
		{B3442896-19DB-4DC6-BA7E-DF80242CD0FA}.Release|Any CPU.ActiveCfg = Release|Any CPU
		{B3442896-19DB-4DC6-BA7E-DF80242CD0FA}.Release|Any CPU.Build.0 = Release|Any CPU
		{B3442896-19DB-4DC6-BA7E-DF80242CD0FA}.Release|Any CPU.Deploy.0 = Release|Any CPU
		{A3341ADE-C3F0-4BF0-B8C0-20C97C1DC54D}.Debug|Any CPU.ActiveCfg = Debug|Any CPU
		{A3341ADE-C3F0-4BF0-B8C0-20C97C1DC54D}.Debug|Any CPU.Build.0 = Debug|Any CPU
		{A3341ADE-C3F0-4BF0-B8C0-20C97C1DC54D}.Release|Any CPU.ActiveCfg = Release|Any CPU
		{A3341ADE-C3F0-4BF0-B8C0-20C97C1DC54D}.Release|Any CPU.Build.0 = Release|Any CPU
		{F67432C0-EF9A-4DF5-BEB6-7588CED1D036}.Debug|Any CPU.ActiveCfg = Debug|Any CPU
		{F67432C0-EF9A-4DF5-BEB6-7588CED1D036}.Debug|Any CPU.Build.0 = Debug|Any CPU
		{F67432C0-EF9A-4DF5-BEB6-7588CED1D036}.Release|Any CPU.ActiveCfg = Release|Any CPU
		{F67432C0-EF9A-4DF5-BEB6-7588CED1D036}.Release|Any CPU.Build.0 = Release|Any CPU
		{84790625-3EEA-412A-AC87-187DE7992802}.Debug|Any CPU.ActiveCfg = Debug|Any CPU
		{84790625-3EEA-412A-AC87-187DE7992802}.Debug|Any CPU.Build.0 = Debug|Any CPU
		{84790625-3EEA-412A-AC87-187DE7992802}.Release|Any CPU.ActiveCfg = Release|Any CPU
		{84790625-3EEA-412A-AC87-187DE7992802}.Release|Any CPU.Build.0 = Release|Any CPU
		{E4FB92FE-9018-4107-AD85-6CA502E7B7F0}.Debug|Any CPU.ActiveCfg = Debug|Any CPU
		{E4FB92FE-9018-4107-AD85-6CA502E7B7F0}.Debug|Any CPU.Build.0 = Debug|Any CPU
		{E4FB92FE-9018-4107-AD85-6CA502E7B7F0}.Release|Any CPU.ActiveCfg = Release|Any CPU
		{E4FB92FE-9018-4107-AD85-6CA502E7B7F0}.Release|Any CPU.Build.0 = Release|Any CPU
		{9D343E70-7F7B-4815-AC11-D66A856EC43C}.Debug|Any CPU.ActiveCfg = Debug|Any CPU
		{9D343E70-7F7B-4815-AC11-D66A856EC43C}.Debug|Any CPU.Build.0 = Debug|Any CPU
		{9D343E70-7F7B-4815-AC11-D66A856EC43C}.Release|Any CPU.ActiveCfg = Release|Any CPU
		{9D343E70-7F7B-4815-AC11-D66A856EC43C}.Release|Any CPU.Build.0 = Release|Any CPU
	EndGlobalSection
	GlobalSection(SolutionProperties) = preSolution
		HideSolutionNode = FALSE
	EndGlobalSection
	GlobalSection(ExtensibilityGlobals) = postSolution
		SolutionGuid = {4FAF6934-0DFC-4DE9-A979-5852E6D34E7A}
	EndGlobalSection
EndGlobal
